
Microsoft Visual Studio Solution File, Format Version 12.00
# Visual Studio Version 16
VisualStudioVersion = 16.0.29905.134
MinimumVisualStudioVersion = 10.0.40219.1
Project("{FAE04EC0-301F-11D3-BF4B-00C04F79EFBC}") = "EverestVideoLibrary", "EverestVideoLibrary\EverestVideoLibrary.csproj", "{C3A3EE19-02BE-4985-8DA3-840FF6C8160D}"
EndProject
Global
	GlobalSection(SolutionConfigurationPlatforms) = preSolution
		Debug|Any CPU = Debug|Any CPU
		Release|Any CPU = Release|Any CPU
	EndGlobalSection
	GlobalSection(ProjectConfigurationPlatforms) = postSolution
		{C3A3EE19-02BE-4985-8DA3-840FF6C8160D}.Debug|Any CPU.ActiveCfg = Debug|Any CPU
		{C3A3EE19-02BE-4985-8DA3-840FF6C8160D}.Debug|Any CPU.Build.0 = Debug|Any CPU
		{C3A3EE19-02BE-4985-8DA3-840FF6C8160D}.Release|Any CPU.ActiveCfg = Release|Any CPU
		{C3A3EE19-02BE-4985-8DA3-840FF6C8160D}.Release|Any CPU.Build.0 = Release|Any CPU
	EndGlobalSection
	GlobalSection(SolutionProperties) = preSolution
		HideSolutionNode = FALSE
	EndGlobalSection
	GlobalSection(ExtensibilityGlobals) = postSolution
		SolutionGuid = {3CF7B8A3-A1A0-44C7-878E-D11FBA04918D}
	EndGlobalSection
EndGlobal
